
Microsoft Visual Studio Solution File, Format Version 12.00
# Visual Studio 15
VisualStudioVersion = 15.0.28307.329
MinimumVisualStudioVersion = 10.0.40219.1
Project("{FAE04EC0-301F-11D3-BF4B-00C04F79EFBC}") = "oop-lab-1", "oop-lab-1\oop-lab-1.csproj", "{C58924FC-DC59-454E-AA3D-171536F2CCDB}"
EndProject
Global
	GlobalSection(SolutionConfigurationPlatforms) = preSolution
		Debug|Any CPU = Debug|Any CPU
		Release|Any CPU = Release|Any CPU
	EndGlobalSection
	GlobalSection(ProjectConfigurationPlatforms) = postSolution
		{C58924FC-DC59-454E-AA3D-171536F2CCDB}.Debug|Any CPU.ActiveCfg = Debug|Any CPU
		{C58924FC-DC59-454E-AA3D-171536F2CCDB}.Debug|Any CPU.Build.0 = Debug|Any CPU
		{C58924FC-DC59-454E-AA3D-171536F2CCDB}.Release|Any CPU.ActiveCfg = Release|Any CPU
		{C58924FC-DC59-454E-AA3D-171536F2CCDB}.Release|Any CPU.Build.0 = Release|Any CPU
	EndGlobalSection
	GlobalSection(SolutionProperties) = preSolution
		HideSolutionNode = FALSE
	EndGlobalSection
	GlobalSection(ExtensibilityGlobals) = postSolution
		SolutionGuid = {70D51B41-725E-448B-9403-46D867B25AD0}
	EndGlobalSection
EndGlobal
